
Microsoft Visual Studio Solution File, Format Version 12.00
# Visual Studio Version 16
VisualStudioVersion = 16.0.29102.190
MinimumVisualStudioVersion = 10.0.40219.1
Project("{FAE04EC0-301F-11D3-BF4B-00C04F79EFBC}") = "ArtSCII", "ArtSCII\ArtSCII.csproj", "{FBD15A17-D419-4029-AC74-C628DD91A37D}"
EndProject
Global
	GlobalSection(SolutionConfigurationPlatforms) = preSolution
		Debug|Any CPU = Debug|Any CPU
		Debug|x64 = Debug|x64
		Debug|x86 = Debug|x86
		Release|Any CPU = Release|Any CPU
		Release|x64 = Release|x64
		Release|x86 = Release|x86
	EndGlobalSection
	GlobalSection(ProjectConfigurationPlatforms) = postSolution
		{FBD15A17-D419-4029-AC74-C628DD91A37D}.Debug|Any CPU.ActiveCfg = Debug|x64
		{FBD15A17-D419-4029-AC74-C628DD91A37D}.Debug|x64.ActiveCfg = Debug|x64
		{FBD15A17-D419-4029-AC74-C628DD91A37D}.Debug|x64.Build.0 = Debug|x64
		{FBD15A17-D419-4029-AC74-C628DD91A37D}.Debug|x86.ActiveCfg = Debug|x64
		{FBD15A17-D419-4029-AC74-C628DD91A37D}.Release|Any CPU.ActiveCfg = Release|x64
		{FBD15A17-D419-4029-AC74-C628DD91A37D}.Release|x64.ActiveCfg = Release|x64
		{FBD15A17-D419-4029-AC74-C628DD91A37D}.Release|x64.Build.0 = Release|x64
		{FBD15A17-D419-4029-AC74-C628DD91A37D}.Release|x86.ActiveCfg = Release|x64
	EndGlobalSection
	GlobalSection(SolutionProperties) = preSolution
		HideSolutionNode = FALSE
	EndGlobalSection
	GlobalSection(ExtensibilityGlobals) = postSolution
		SolutionGuid = {4196117B-0BFF-413A-A5F0-F04D24E73B83}
	EndGlobalSection
EndGlobal
